{
  "requires": true,
  "lockfileVersion": 1,
  "dependencies": {
    "@types/angular": {
      "version": "1.6.54",
      "resolved": "https://registry.npmjs.org/@types/angular/-/angular-1.6.54.tgz",
      "integrity": "sha512-xA1FuozWXeRQ7FClUbvk8ePL+dydBeDoCWRPFTHU5+8uvVtIIfLGiHA8CMkwsbddFCYnTDVbLxG85a/HBx7LtA=="
    },
    "@types/angular-cookies": {
      "version": "1.4.5",
      "resolved": "https://registry.npmjs.org/@types/angular-cookies/-/angular-cookies-1.4.5.tgz",
      "integrity": "sha512-WJJX4Z0JDte/0KSKGm4JGJbnv3wz8fnK6Li3aKdXUGu+mvjTvmJF7h0acFV9ODGhgwpFXzH9dLw3IjR6WbgG3w==",
      "requires": {
        "@types/angular": "*"
      }
    }
  }
}
